
Microsoft Visual Studio Solution File, Format Version 12.00
# Visual Studio Version 16
VisualStudioVersion = 16.0.30621.155
MinimumVisualStudioVersion = 10.0.40219.1
Project("{9A19103F-16F7-4668-BE54-9A1E7A4F7556}") = "HomeWork3", "HomeWork3\HomeWork3.csproj", "{3623ED53-C712-4C3F-AE78-2C12F9585186}"
EndProject
Project("{FAE04EC0-301F-11D3-BF4B-00C04F79EFBC}") = "ClassLibrary1", "ClassLibrary1\ClassLibrary1.csproj", "{5494FD7B-2606-42A0-B7D6-8D522AE9DD22}"
EndProject
Global
	GlobalSection(SolutionConfigurationPlatforms) = preSolution
		Debug|Any CPU = Debug|Any CPU
		Release|Any CPU = Release|Any CPU
	EndGlobalSection
	GlobalSection(ProjectConfigurationPlatforms) = postSolution
		{3623ED53-C712-4C3F-AE78-2C12F9585186}.Debug|Any CPU.ActiveCfg = Debug|Any CPU
		{3623ED53-C712-4C3F-AE78-2C12F9585186}.Debug|Any CPU.Build.0 = Debug|Any CPU
		{3623ED53-C712-4C3F-AE78-2C12F9585186}.Release|Any CPU.ActiveCfg = Release|Any CPU
		{3623ED53-C712-4C3F-AE78-2C12F9585186}.Release|Any CPU.Build.0 = Release|Any CPU
		{5494FD7B-2606-42A0-B7D6-8D522AE9DD22}.Debug|Any CPU.ActiveCfg = Debug|Any CPU
		{5494FD7B-2606-42A0-B7D6-8D522AE9DD22}.Debug|Any CPU.Build.0 = Debug|Any CPU
		{5494FD7B-2606-42A0-B7D6-8D522AE9DD22}.Release|Any CPU.ActiveCfg = Release|Any CPU
		{5494FD7B-2606-42A0-B7D6-8D522AE9DD22}.Release|Any CPU.Build.0 = Release|Any CPU
	EndGlobalSection
	GlobalSection(SolutionProperties) = preSolution
		HideSolutionNode = FALSE
	EndGlobalSection
	GlobalSection(ExtensibilityGlobals) = postSolution
		SolutionGuid = {7807A203-3BAC-4210-900C-BDC129FDF47A}
	EndGlobalSection
EndGlobal
